
Microsoft Visual Studio Solution File, Format Version 12.00
# Visual Studio Version 17
VisualStudioVersion = 17.7.34003.232
MinimumVisualStudioVersion = 10.0.40219.1
Project("{9A19103F-16F7-4668-BE54-9A1E7A4F7556}") = "UnoMobileAppTemplate", "UnoMobileAppTemplate\UnoMobileAppTemplate\UnoMobileAppTemplate.csproj", "{54432994-16FD-4A06-A62B-F40AF39F5C47}"
EndProject
Project("{9A19103F-16F7-4668-BE54-9A1E7A4F7556}") = "UnoMobileAppTemplate.Mobile", "UnoMobileAppTemplate\UnoMobileAppTemplate.Mobile\UnoMobileAppTemplate.Mobile.csproj", "{8163C80C-AC3C-4867-96AE-4A74F9A35B6D}"
EndProject
Project("{2150E333-8FDC-42A3-9474-1A3956D46DE8}") = "Solution Items", "Solution Items", "{8280DC01-F773-478A-B0C9-2999BAAA86CC}"
	ProjectSection(SolutionItems) = preProject
		UnoMobileAppTemplate\Directory.Build.props = UnoMobileAppTemplate\Directory.Build.props
	EndProjectSection
EndProject
Global
	GlobalSection(SolutionConfigurationPlatforms) = preSolution
		Debug|Any CPU = Debug|Any CPU
		Release|Any CPU = Release|Any CPU
	EndGlobalSection
	GlobalSection(ProjectConfigurationPlatforms) = postSolution
		{54432994-16FD-4A06-A62B-F40AF39F5C47}.Debug|Any CPU.ActiveCfg = Debug|Any CPU
		{54432994-16FD-4A06-A62B-F40AF39F5C47}.Debug|Any CPU.Build.0 = Debug|Any CPU
		{54432994-16FD-4A06-A62B-F40AF39F5C47}.Release|Any CPU.ActiveCfg = Release|Any CPU
		{54432994-16FD-4A06-A62B-F40AF39F5C47}.Release|Any CPU.Build.0 = Release|Any CPU
		{8163C80C-AC3C-4867-96AE-4A74F9A35B6D}.Debug|Any CPU.ActiveCfg = Debug|Any CPU
		{8163C80C-AC3C-4867-96AE-4A74F9A35B6D}.Debug|Any CPU.Build.0 = Debug|Any CPU
		{8163C80C-AC3C-4867-96AE-4A74F9A35B6D}.Debug|Any CPU.Deploy.0 = Debug|Any CPU
		{8163C80C-AC3C-4867-96AE-4A74F9A35B6D}.Release|Any CPU.ActiveCfg = Release|Any CPU
		{8163C80C-AC3C-4867-96AE-4A74F9A35B6D}.Release|Any CPU.Build.0 = Release|Any CPU
		{8163C80C-AC3C-4867-96AE-4A74F9A35B6D}.Release|Any CPU.Deploy.0 = Release|Any CPU
	EndGlobalSection
	GlobalSection(SolutionProperties) = preSolution
		HideSolutionNode = FALSE
	EndGlobalSection
	GlobalSection(ExtensibilityGlobals) = postSolution
		SolutionGuid = {BA5EE14F-D673-426E-A97C-F78E45AC0D9E}
	EndGlobalSection
EndGlobal
